// !$*UTF8*$!
{
	archiveVersion = 1;
	classes = {
	};
	objectVersion = 77;
	objects = {

/* Begin PBXBuildFile section */
		DD421F852D56FE6600A138A7 /* Package.swift in Sources */ = {isa = PBXBuildFile; fileRef = DD421F842D56FE6500A138A7 /* Package.swift */; };
		DD421FAE2D5702E300A138A7 /* Clerk in Frameworks */ = {isa = PBXBuildFile; productRef = DD421FAD2D5702E300A138A7 /* Clerk */; };
		DD421FB12D5702FA00A138A7 /* ClerkQuickstartApp.swift in Sources */ = {isa = PBXBuildFile; fileRef = DD421FB02D5702FA00A138A7 /* ClerkQuickstartApp.swift */; };
		DDB159E02D56F88F00272C42 /* Supabase.swift in Sources */ = {isa = PBXBuildFile; fileRef = DDB159DF2D56F88C00272C42 /* Supabase.swift */; };
		DDB159E52D56FAFA00272C42 /* Supabase in Frameworks */ = {isa = PBXBuildFile; productRef = DDB159E42D56FAFA00272C42 /* Supabase */; };
/* End PBXBuildFile section */

/* Begin PBXContainerItemProxy section */
		DDB159A42D569EF100272C42 /* PBXContainerItemProxy */ = {
			isa = PBXContainerItemProxy;
			containerPortal = DDB1598A2D569EF000272C42 /* Project object */;
			proxyType = 1;
			remoteGlobalIDString = DDB159912D569EF000272C42;
			remoteInfo = LearnTerms;
		};
		DDB159AE2D569EF100272C42 /* PBXContainerItemProxy */ = {
			isa = PBXContainerItemProxy;
			containerPortal = DDB1598A2D569EF000272C42 /* Project object */;
			proxyType = 1;
			remoteGlobalIDString = DDB159912D569EF000272C42;
			remoteInfo = LearnTerms;
		};
/* End PBXContainerItemProxy section */

/* Begin PBXFileReference section */
		DD421F842D56FE6500A138A7 /* Package.swift */ = {isa = PBXFileReference; lastKnownFileType = sourcecode.swift; path = Package.swift; sourceTree = "<group>"; };
		DD421FB02D5702FA00A138A7 /* ClerkQuickstartApp.swift */ = {isa = PBXFileReference; lastKnownFileType = sourcecode.swift; path = ClerkQuickstartApp.swift; sourceTree = "<group>"; };
		DDB159922D569EF000272C42 /* LearnTerms.app */ = {isa = PBXFileReference; explicitFileType = wrapper.application; includeInIndex = 0; path = LearnTerms.app; sourceTree = BUILT_PRODUCTS_DIR; };
		DDB159A32D569EF100272C42 /* LearnTermsTests.xctest */ = {isa = PBXFileReference; explicitFileType = wrapper.cfbundle; includeInIndex = 0; path = LearnTermsTests.xctest; sourceTree = BUILT_PRODUCTS_DIR; };
		DDB159AD2D569EF100272C42 /* LearnTermsUITests.xctest */ = {isa = PBXFileReference; explicitFileType = wrapper.cfbundle; includeInIndex = 0; path = LearnTermsUITests.xctest; sourceTree = BUILT_PRODUCTS_DIR; };
		DDB159DF2D56F88C00272C42 /* Supabase.swift */ = {isa = PBXFileReference; lastKnownFileType = sourcecode.swift; path = Supabase.swift; sourceTree = "<group>"; };
/* End PBXFileReference section */

/* Begin PBXFileSystemSynchronizedRootGroup section */
		DD2903432D5D32F6009820AA /* Quiz */ = {
			isa = PBXFileSystemSynchronizedRootGroup;
			path = Quiz;
			sourceTree = "<group>";
		};
		DD4106262D57C28600E05366 /* Extensions */ = {
			isa = PBXFileSystemSynchronizedRootGroup;
			path = Extensions;
			sourceTree = "<group>";
		};
		DD421FB22D57037100A138A7 /* Auth */ = {
			isa = PBXFileSystemSynchronizedRootGroup;
			path = Auth;
			sourceTree = "<group>";
		};
		DDB159942D569EF000272C42 /* LearnTerms */ = {
			isa = PBXFileSystemSynchronizedRootGroup;
			path = LearnTerms;
			sourceTree = "<group>";
		};
		DDB159A62D569EF100272C42 /* LearnTermsTests */ = {
			isa = PBXFileSystemSynchronizedRootGroup;
			path = LearnTermsTests;
			sourceTree = "<group>";
		};
		DDB159B02D569EF100272C42 /* LearnTermsUITests */ = {
			isa = PBXFileSystemSynchronizedRootGroup;
			path = LearnTermsUITests;
			sourceTree = "<group>";
		};
/* End PBXFileSystemSynchronizedRootGroup section */

/* Begin PBXFrameworksBuildPhase section */
		DDB1598F2D569EF000272C42 /* Frameworks */ = {
			isa = PBXFrameworksBuildPhase;
			buildActionMask = 2147483647;
			files = (
				DD421FAE2D5702E300A138A7 /* Clerk in Frameworks */,
				DDB159E52D56FAFA00272C42 /* Supabase in Frameworks */,
			);
			runOnlyForDeploymentPostprocessing = 0;
		};
		DDB159A02D569EF100272C42 /* Frameworks */ = {
			isa = PBXFrameworksBuildPhase;
			buildActionMask = 2147483647;
			files = (
			);
			runOnlyForDeploymentPostprocessing = 0;
		};
		DDB159AA2D569EF100272C42 /* Frameworks */ = {
			isa = PBXFrameworksBuildPhase;
			buildActionMask = 2147483647;
			files = (
			);
			runOnlyForDeploymentPostprocessing = 0;
		};
/* End PBXFrameworksBuildPhase section */

/* Begin PBXGroup section */
		DDB159892D569EF000272C42 = {
			isa = PBXGroup;
			children = (
				DD2903432D5D32F6009820AA /* Quiz */,
				DD4106262D57C28600E05366 /* Extensions */,
				DD421FB22D57037100A138A7 /* Auth */,
				DD421FB02D5702FA00A138A7 /* ClerkQuickstartApp.swift */,
				DD421F842D56FE6500A138A7 /* Package.swift */,
				DDB159DF2D56F88C00272C42 /* Supabase.swift */,
				DDB159942D569EF000272C42 /* LearnTerms */,
				DDB159A62D569EF100272C42 /* LearnTermsTests */,
				DDB159B02D569EF100272C42 /* LearnTermsUITests */,
				DDB159E32D56FAFA00272C42 /* Frameworks */,
				DDB159932D569EF000272C42 /* Products */,
			);
			sourceTree = "<group>";
		};
		DDB159932D569EF000272C42 /* Products */ = {
			isa = PBXGroup;
			children = (
				DDB159922D569EF000272C42 /* LearnTerms.app */,
				DDB159A32D569EF100272C42 /* LearnTermsTests.xctest */,
				DDB159AD2D569EF100272C42 /* LearnTermsUITests.xctest */,
			);
			name = Products;
			sourceTree = "<group>";
		};
		DDB159E32D56FAFA00272C42 /* Frameworks */ = {
			isa = PBXGroup;
			children = (
			);
			name = Frameworks;
			sourceTree = "<group>";
		};
/* End PBXGroup section */

/* Begin PBXNativeTarget section */
		DDB159912D569EF000272C42 /* LearnTerms */ = {
			isa = PBXNativeTarget;
			buildConfigurationList = DDB159B72D569EF100272C42 /* Build configuration list for PBXNativeTarget "LearnTerms" */;
			buildPhases = (
				DDB1598E2D569EF000272C42 /* Sources */,
				DDB1598F2D569EF000272C42 /* Frameworks */,
				DDB159902D569EF000272C42 /* Resources */,
			);
			buildRules = (
			);
			dependencies = (
			);
			fileSystemSynchronizedGroups = (
				DD2903432D5D32F6009820AA /* Quiz */,
				DD4106262D57C28600E05366 /* Extensions */,
				DD421FB22D57037100A138A7 /* Auth */,
				DDB159942D569EF000272C42 /* LearnTerms */,
			);
			name = LearnTerms;
			packageProductDependencies = (
				DDB159E42D56FAFA00272C42 /* Supabase */,
				DD421FAD2D5702E300A138A7 /* Clerk */,
			);
			productName = LearnTerms;
			productReference = DDB159922D569EF000272C42 /* LearnTerms.app */;
			productType = "com.apple.product-type.application";
		};
		DDB159A22D569EF100272C42 /* LearnTermsTests */ = {
			isa = PBXNativeTarget;
			buildConfigurationList = DDB159BA2D569EF100272C42 /* Build configuration list for PBXNativeTarget "LearnTermsTests" */;
			buildPhases = (
				DDB1599F2D569EF100272C42 /* Sources */,
				DDB159A02D569EF100272C42 /* Frameworks */,
				DDB159A12D569EF100272C42 /* Resources */,
			);
			buildRules = (
			);
			dependencies = (
				DDB159A52D569EF100272C42 /* PBXTargetDependency */,
			);
			fileSystemSynchronizedGroups = (
				DDB159A62D569EF100272C42 /* LearnTermsTests */,
			);
			name = LearnTermsTests;
			packageProductDependencies = (
			);
			productName = LearnTermsTests;
			productReference = DDB159A32D569EF100272C42 /* LearnTermsTests.xctest */;
			productType = "com.apple.product-type.bundle.unit-test";
		};
		DDB159AC2D569EF100272C42 /* LearnTermsUITests */ = {
			isa = PBXNativeTarget;
			buildConfigurationList = DDB159BD2D569EF100272C42 /* Build configuration list for PBXNativeTarget "LearnTermsUITests" */;
			buildPhases = (
				DDB159A92D569EF100272C42 /* Sources */,
				DDB159AA2D569EF100272C42 /* Frameworks */,
				DDB159AB2D569EF100272C42 /* Resources */,
			);
			buildRules = (
			);
			dependencies = (
				DDB159AF2D569EF100272C42 /* PBXTargetDependency */,
			);
			fileSystemSynchronizedGroups = (
				DDB159B02D569EF100272C42 /* LearnTermsUITests */,
			);
			name = LearnTermsUITests;
			packageProductDependencies = (
			);
			productName = LearnTermsUITests;
			productReference = DDB159AD2D569EF100272C42 /* LearnTermsUITests.xctest */;
			productType = "com.apple.product-type.bundle.ui-testing";
		};
/* End PBXNativeTarget section */

/* Begin PBXProject section */
		DDB1598A2D569EF000272C42 /* Project object */ = {
			isa = PBXProject;
			attributes = {
				BuildIndependentTargetsInParallel = 1;
				LastSwiftUpdateCheck = 1620;
				LastUpgradeCheck = 1620;
				TargetAttributes = {
					DDB159912D569EF000272C42 = {
						CreatedOnToolsVersion = 16.2;
					};
					DDB159A22D569EF100272C42 = {
						CreatedOnToolsVersion = 16.2;
						TestTargetID = DDB159912D569EF000272C42;
					};
					DDB159AC2D569EF100272C42 = {
						CreatedOnToolsVersion = 16.2;
						TestTargetID = DDB159912D569EF000272C42;
					};
				};
			};
			buildConfigurationList = DDB1598D2D569EF000272C42 /* Build configuration list for PBXProject "LearnTerms" */;
			developmentRegion = en;
			hasScannedForEncodings = 0;
			knownRegions = (
				en,
				Base,
			);
			mainGroup = DDB159892D569EF000272C42;
			minimizedProjectReferenceProxies = 1;
			packageReferences = (
				DDB159DE2D56F82D00272C42 /* XCRemoteSwiftPackageReference "supabase-swift" */,
				DD421FAC2D5702D900A138A7 /* XCRemoteSwiftPackageReference "clerk-ios" */,
			);
			preferredProjectObjectVersion = 77;
			productRefGroup = DDB159932D569EF000272C42 /* Products */;
			projectDirPath = "";
			projectRoot = "";
			targets = (
				DDB159912D569EF000272C42 /* LearnTerms */,
				DDB159A22D569EF100272C42 /* LearnTermsTests */,
				DDB159AC2D569EF100272C42 /* LearnTermsUITests */,
			);
		};
/* End PBXProject section */

/* Begin PBXResourcesBuildPhase section */
		DDB159902D569EF000272C42 /* Resources */ = {
			isa = PBXResourcesBuildPhase;
			buildActionMask = 2147483647;
			files = (
			);
			runOnlyForDeploymentPostprocessing = 0;
		};
		DDB159A12D569EF100272C42 /* Resources */ = {
			isa = PBXResourcesBuildPhase;
			buildActionMask = 2147483647;
			files = (
			);
			runOnlyForDeploymentPostprocessing = 0;
		};
		DDB159AB2D569EF100272C42 /* Resources */ = {
			isa = PBXResourcesBuildPhase;
			buildActionMask = 2147483647;
			files = (
			);
			runOnlyForDeploymentPostprocessing = 0;
		};
/* End PBXResourcesBuildPhase section */

/* Begin PBXSourcesBuildPhase section */
		DDB1598E2D569EF000272C42 /* Sources */ = {
			isa = PBXSourcesBuildPhase;
			buildActionMask = 2147483647;
			files = (
				DDB159E02D56F88F00272C42 /* Supabase.swift in Sources */,
				DD421F852D56FE6600A138A7 /* Package.swift in Sources */,
				DD421FB12D5702FA00A138A7 /* ClerkQuickstartApp.swift in Sources */,
			);
			runOnlyForDeploymentPostprocessing = 0;
		};
		DDB1599F2D569EF100272C42 /* Sources */ = {
			isa = PBXSourcesBuildPhase;
			buildActionMask = 2147483647;
			files = (
			);
			runOnlyForDeploymentPostprocessing = 0;
		};
		DDB159A92D569EF100272C42 /* Sources */ = {
			isa = PBXSourcesBuildPhase;
			buildActionMask = 2147483647;
			files = (
			);
			runOnlyForDeploymentPostprocessing = 0;
		};
/* End PBXSourcesBuildPhase section */

/* Begin PBXTargetDependency section */
		DDB159A52D569EF100272C42 /* PBXTargetDependency */ = {
			isa = PBXTargetDependency;
			target = DDB159912D569EF000272C42 /* LearnTerms */;
			targetProxy = DDB159A42D569EF100272C42 /* PBXContainerItemProxy */;
		};
		DDB159AF2D569EF100272C42 /* PBXTargetDependency */ = {
			isa = PBXTargetDependency;
			target = DDB159912D569EF000272C42 /* LearnTerms */;
			targetProxy = DDB159AE2D569EF100272C42 /* PBXContainerItemProxy */;
		};
/* End PBXTargetDependency section */

/* Begin XCBuildConfiguration section */
		DDB159B52D569EF100272C42 /* Debug */ = {
			isa = XCBuildConfiguration;
			buildSettings = {
				ALWAYS_SEARCH_USER_PATHS = NO;
				ASSETCATALOG_COMPILER_GENERATE_SWIFT_ASSET_SYMBOL_EXTENSIONS = YES;
				CLANG_ANALYZER_NONNULL = YES;
				CLANG_ANALYZER_NUMBER_OBJECT_CONVERSION = YES_AGGRESSIVE;
				CLANG_CXX_LANGUAGE_STANDARD = "gnu++20";
				CLANG_ENABLE_MODULES = YES;
				CLANG_ENABLE_OBJC_ARC = YES;
				CLANG_ENABLE_OBJC_WEAK = YES;
				CLANG_WARN_BLOCK_CAPTURE_AUTORELEASING = YES;
				CLANG_WARN_BOOL_CONVERSION = YES;
				CLANG_WARN_COMMA = YES;
				CLANG_WARN_CONSTANT_CONVERSION = YES;
				CLANG_WARN_DEPRECATED_OBJC_IMPLEMENTATIONS = YES;
				CLANG_WARN_DIRECT_OBJC_ISA_USAGE = YES_ERROR;
				CLANG_WARN_DOCUMENTATION_COMMENTS = YES;
				CLANG_WARN_EMPTY_BODY = YES;
				CLANG_WARN_ENUM_CONVERSION = YES;
				CLANG_WARN_INFINITE_RECURSION = YES;
				CLANG_WARN_INT_CONVERSION = YES;
				CLANG_WARN_NON_LITERAL_NULL_CONVERSION = YES;
				CLANG_WARN_OBJC_IMPLICIT_RETAIN_SELF = YES;
				CLANG_WARN_OBJC_LITERAL_CONVERSION = YES;
				CLANG_WARN_OBJC_ROOT_CLASS = YES_ERROR;
				CLANG_WARN_QUOTED_INCLUDE_IN_FRAMEWORK_HEADER = YES;
				CLANG_WARN_RANGE_LOOP_ANALYSIS = YES;
				CLANG_WARN_STRICT_PROTOTYPES = YES;
				CLANG_WARN_SUSPICIOUS_MOVE = YES;
				CLANG_WARN_UNGUARDED_AVAILABILITY = YES_AGGRESSIVE;
				CLANG_WARN_UNREACHABLE_CODE = YES;
				CLANG_WARN__DUPLICATE_METHOD_MATCH = YES;
				COPY_PHASE_STRIP = NO;
				DEBUG_INFORMATION_FORMAT = dwarf;
				ENABLE_STRICT_OBJC_MSGSEND = YES;
				ENABLE_TESTABILITY = YES;
				ENABLE_USER_SCRIPT_SANDBOXING = YES;
				GCC_C_LANGUAGE_STANDARD = gnu17;
				GCC_DYNAMIC_NO_PIC = NO;
				GCC_NO_COMMON_BLOCKS = YES;
				GCC_OPTIMIZATION_LEVEL = 0;
				GCC_PREPROCESSOR_DEFINITIONS = (
					"DEBUG=1",
					"$(inherited)",
				);
				GCC_WARN_64_TO_32_BIT_CONVERSION = YES;
				GCC_WARN_ABOUT_RETURN_TYPE = YES_ERROR;
				GCC_WARN_UNDECLARED_SELECTOR = YES;
				GCC_WARN_UNINITIALIZED_AUTOS = YES_AGGRESSIVE;
				GCC_WARN_UNUSED_FUNCTION = YES;
				GCC_WARN_UNUSED_VARIABLE = YES;
				LOCALIZATION_PREFERS_STRING_CATALOGS = YES;
				MTL_ENABLE_DEBUG_INFO = INCLUDE_SOURCE;
				MTL_FAST_MATH = YES;
				ONLY_ACTIVE_ARCH = YES;
				SWIFT_ACTIVE_COMPILATION_CONDITIONS = "DEBUG $(inherited)";
				SWIFT_OPTIMIZATION_LEVEL = "-Onone";
			};
			name = Debug;
		};
		DDB159B62D569EF100272C42 /* Release */ = {
			isa = XCBuildConfiguration;
			buildSettings = {
				ALWAYS_SEARCH_USER_PATHS = NO;
				ASSETCATALOG_COMPILER_GENERATE_SWIFT_ASSET_SYMBOL_EXTENSIONS = YES;
				CLANG_ANALYZER_NONNULL = YES;
				CLANG_ANALYZER_NUMBER_OBJECT_CONVERSION = YES_AGGRESSIVE;
				CLANG_CXX_LANGUAGE_STANDARD = "gnu++20";
				CLANG_ENABLE_MODULES = YES;
				CLANG_ENABLE_OBJC_ARC = YES;
				CLANG_ENABLE_OBJC_WEAK = YES;
				CLANG_WARN_BLOCK_CAPTURE_AUTORELEASING = YES;
				CLANG_WARN_BOOL_CONVERSION = YES;
				CLANG_WARN_COMMA = YES;
				CLANG_WARN_CONSTANT_CONVERSION = YES;
				CLANG_WARN_DEPRECATED_OBJC_IMPLEMENTATIONS = YES;
				CLANG_WARN_DIRECT_OBJC_ISA_USAGE = YES_ERROR;
				CLANG_WARN_DOCUMENTATION_COMMENTS = YES;
				CLANG_WARN_EMPTY_BODY = YES;
				CLANG_WARN_ENUM_CONVERSION = YES;
				CLANG_WARN_INFINITE_RECURSION = YES;
				CLANG_WARN_INT_CONVERSION = YES;
				CLANG_WARN_NON_LITERAL_NULL_CONVERSION = YES;
				CLANG_WARN_OBJC_IMPLICIT_RETAIN_SELF = YES;
				CLANG_WARN_OBJC_LITERAL_CONVERSION = YES;
				CLANG_WARN_OBJC_ROOT_CLASS = YES_ERROR;
				CLANG_WARN_QUOTED_INCLUDE_IN_FRAMEWORK_HEADER = YES;
				CLANG_WARN_RANGE_LOOP_ANALYSIS = YES;
				CLANG_WARN_STRICT_PROTOTYPES = YES;
				CLANG_WARN_SUSPICIOUS_MOVE = YES;
				CLANG_WARN_UNGUARDED_AVAILABILITY = YES_AGGRESSIVE;
				CLANG_WARN_UNREACHABLE_CODE = YES;
				CLANG_WARN__DUPLICATE_METHOD_MATCH = YES;
				COPY_PHASE_STRIP = NO;
				DEBUG_INFORMATION_FORMAT = "dwarf-with-dsym";
				ENABLE_NS_ASSERTIONS = NO;
				ENABLE_STRICT_OBJC_MSGSEND = YES;
				ENABLE_USER_SCRIPT_SANDBOXING = YES;
				GCC_C_LANGUAGE_STANDARD = gnu17;
				GCC_NO_COMMON_BLOCKS = YES;
				GCC_WARN_64_TO_32_BIT_CONVERSION = YES;
				GCC_WARN_ABOUT_RETURN_TYPE = YES_ERROR;
				GCC_WARN_UNDECLARED_SELECTOR = YES;
				GCC_WARN_UNINITIALIZED_AUTOS = YES_AGGRESSIVE;
				GCC_WARN_UNUSED_FUNCTION = YES;
				GCC_WARN_UNUSED_VARIABLE = YES;
				LOCALIZATION_PREFERS_STRING_CATALOGS = YES;
				MTL_ENABLE_DEBUG_INFO = NO;
				MTL_FAST_MATH = YES;
				SWIFT_COMPILATION_MODE = wholemodule;
			};
			name = Release;
		};
		DDB159B82D569EF100272C42 /* Debug */ = {
			isa = XCBuildConfiguration;
			buildSettings = {
				ASSETCATALOG_COMPILER_APPICON_NAME = AppIcon;
				ASSETCATALOG_COMPILER_GLOBAL_ACCENT_COLOR_NAME = AccentColor;
				CODE_SIGN_ENTITLEMENTS = LearnTerms/LearnTerms.entitlements;
				CODE_SIGN_STYLE = Automatic;
				CURRENT_PROJECT_VERSION = 1;
				DEVELOPMENT_ASSET_PATHS = "\"LearnTerms/Preview Content\"";
				DEVELOPMENT_TEAM = 84A8DB6F25;
				ENABLE_PREVIEWS = YES;
				GENERATE_INFOPLIST_FILE = YES;
				"INFOPLIST_KEY_UIApplicationSceneManifest_Generation[sdk=iphoneos*]" = YES;
				"INFOPLIST_KEY_UIApplicationSceneManifest_Generation[sdk=iphonesimulator*]" = YES;
				"INFOPLIST_KEY_UIApplicationSupportsIndirectInputEvents[sdk=iphoneos*]" = YES;
				"INFOPLIST_KEY_UIApplicationSupportsIndirectInputEvents[sdk=iphonesimulator*]" = YES;
				"INFOPLIST_KEY_UILaunchScreen_Generation[sdk=iphoneos*]" = YES;
				"INFOPLIST_KEY_UILaunchScreen_Generation[sdk=iphonesimulator*]" = YES;
				"INFOPLIST_KEY_UIStatusBarStyle[sdk=iphoneos*]" = UIStatusBarStyleDefault;
				"INFOPLIST_KEY_UIStatusBarStyle[sdk=iphonesimulator*]" = UIStatusBarStyleDefault;
				INFOPLIST_KEY_UISupportedInterfaceOrientations_iPad = "UIInterfaceOrientationPortrait UIInterfaceOrientationPortraitUpsideDown UIInterfaceOrientationLandscapeLeft UIInterfaceOrientationLandscapeRight";
				INFOPLIST_KEY_UISupportedInterfaceOrientations_iPhone = "UIInterfaceOrientationPortrait UIInterfaceOrientationLandscapeLeft UIInterfaceOrientationLandscapeRight";
				IPHONEOS_DEPLOYMENT_TARGET = 18.2;
				LD_RUNPATH_SEARCH_PATHS = "@executable_path/Frameworks";
				"LD_RUNPATH_SEARCH_PATHS[sdk=macosx*]" = "@executable_path/../Frameworks";
				MACOSX_DEPLOYMENT_TARGET = 15.2;
				MARKETING_VERSION = 1.0;
				PRODUCT_BUNDLE_IDENTIFIER = justindang.LearnTerms;
				PRODUCT_NAME = "$(TARGET_NAME)";
				SDKROOT = auto;
				SUPPORTED_PLATFORMS = "iphoneos iphonesimulator macosx xros xrsimulator";
				SWIFT_EMIT_LOC_STRINGS = YES;
				SWIFT_VERSION = 5.0;
				TARGETED_DEVICE_FAMILY = "1,2,7";
				XROS_DEPLOYMENT_TARGET = 2.2;
			};
			name = Debug;
		};
		DDB159B92D569EF100272C42 /* Release */ = {
			isa = XCBuildConfiguration;
			buildSettings = {
				ASSETCATALOG_COMPILER_APPICON_NAME = AppIcon;
				ASSETCATALOG_COMPILER_GLOBAL_ACCENT_COLOR_NAME = AccentColor;
				CODE_SIGN_ENTITLEMENTS = LearnTerms/LearnTerms.entitlements;
				CODE_SIGN_STYLE = Automatic;
				CURRENT_PROJECT_VERSION = 1;
				DEVELOPMENT_ASSET_PATHS = "\"LearnTerms/Preview Content\"";
				DEVELOPMENT_TEAM = 84A8DB6F25;
				ENABLE_PREVIEWS = YES;
				GENERATE_INFOPLIST_FILE = YES;
				"INFOPLIST_KEY_UIApplicationSceneManifest_Generation[sdk=iphoneos*]" = YES;
				"INFOPLIST_KEY_UIApplicationSceneManifest_Generation[sdk=iphonesimulator*]" = YES;
				"INFOPLIST_KEY_UIApplicationSupportsIndirectInputEvents[sdk=iphoneos*]" = YES;
				"INFOPLIST_KEY_UIApplicationSupportsIndirectInputEvents[sdk=iphonesimulator*]" = YES;
				"INFOPLIST_KEY_UILaunchScreen_Generation[sdk=iphoneos*]" = YES;
				"INFOPLIST_KEY_UILaunchScreen_Generation[sdk=iphonesimulator*]" = YES;
				"INFOPLIST_KEY_UIStatusBarStyle[sdk=iphoneos*]" = UIStatusBarStyleDefault;
				"INFOPLIST_KEY_UIStatusBarStyle[sdk=iphonesimulator*]" = UIStatusBarStyleDefault;
				INFOPLIST_KEY_UISupportedInterfaceOrientations_iPad = "UIInterfaceOrientationPortrait UIInterfaceOrientationPortraitUpsideDown UIInterfaceOrientationLandscapeLeft UIInterfaceOrientationLandscapeRight";
				INFOPLIST_KEY_UISupportedInterfaceOrientations_iPhone = "UIInterfaceOrientationPortrait UIInterfaceOrientationLandscapeLeft UIInterfaceOrientationLandscapeRight";
				IPHONEOS_DEPLOYMENT_TARGET = 18.2;
				LD_RUNPATH_SEARCH_PATHS = "@executable_path/Frameworks";
				"LD_RUNPATH_SEARCH_PATHS[sdk=macosx*]" = "@executable_path/../Frameworks";
				MACOSX_DEPLOYMENT_TARGET = 15.2;
				MARKETING_VERSION = 1.0;
				PRODUCT_BUNDLE_IDENTIFIER = justindang.LearnTerms;
				PRODUCT_NAME = "$(TARGET_NAME)";
				SDKROOT = auto;
				SUPPORTED_PLATFORMS = "iphoneos iphonesimulator macosx xros xrsimulator";
				SWIFT_EMIT_LOC_STRINGS = YES;
				SWIFT_VERSION = 5.0;
				TARGETED_DEVICE_FAMILY = "1,2,7";
				XROS_DEPLOYMENT_TARGET = 2.2;
			};
			name = Release;
		};
		DDB159BB2D569EF100272C42 /* Debug */ = {
			isa = XCBuildConfiguration;
			buildSettings = {
				BUNDLE_LOADER = "$(TEST_HOST)";
				CODE_SIGN_STYLE = Automatic;
				CURRENT_PROJECT_VERSION = 1;
				GENERATE_INFOPLIST_FILE = YES;
				IPHONEOS_DEPLOYMENT_TARGET = 18.2;
				MACOSX_DEPLOYMENT_TARGET = 15.2;
				MARKETING_VERSION = 1.0;
				PRODUCT_BUNDLE_IDENTIFIER = justindang.LearnTermsTests;
				PRODUCT_NAME = "$(TARGET_NAME)";
				SDKROOT = auto;
				SUPPORTED_PLATFORMS = "iphoneos iphonesimulator macosx xros xrsimulator";
				SWIFT_EMIT_LOC_STRINGS = NO;
				SWIFT_VERSION = 5.0;
				TARGETED_DEVICE_FAMILY = "1,2,7";
				TEST_HOST = "$(BUILT_PRODUCTS_DIR)/LearnTerms.app/$(BUNDLE_EXECUTABLE_FOLDER_PATH)/LearnTerms";
				XROS_DEPLOYMENT_TARGET = 2.2;
			};
			name = Debug;
		};
		DDB159BC2D569EF100272C42 /* Release */ = {
			isa = XCBuildConfiguration;
			buildSettings = {
				BUNDLE_LOADER = "$(TEST_HOST)";
				CODE_SIGN_STYLE = Automatic;
				CURRENT_PROJECT_VERSION = 1;
				GENERATE_INFOPLIST_FILE = YES;
				IPHONEOS_DEPLOYMENT_TARGET = 18.2;
				MACOSX_DEPLOYMENT_TARGET = 15.2;
				MARKETING_VERSION = 1.0;
				PRODUCT_BUNDLE_IDENTIFIER = justindang.LearnTermsTests;
				PRODUCT_NAME = "$(TARGET_NAME)";
				SDKROOT = auto;
				SUPPORTED_PLATFORMS = "iphoneos iphonesimulator macosx xros xrsimulator";
				SWIFT_EMIT_LOC_STRINGS = NO;
				SWIFT_VERSION = 5.0;
				TARGETED_DEVICE_FAMILY = "1,2,7";
				TEST_HOST = "$(BUILT_PRODUCTS_DIR)/LearnTerms.app/$(BUNDLE_EXECUTABLE_FOLDER_PATH)/LearnTerms";
				XROS_DEPLOYMENT_TARGET = 2.2;
			};
			name = Release;
		};
		DDB159BE2D569EF100272C42 /* Debug */ = {
			isa = XCBuildConfiguration;
			buildSettings = {
				CODE_SIGN_STYLE = Automatic;
				CURRENT_PROJECT_VERSION = 1;
				GENERATE_INFOPLIST_FILE = YES;
				IPHONEOS_DEPLOYMENT_TARGET = 18.2;
				MACOSX_DEPLOYMENT_TARGET = 15.2;
				MARKETING_VERSION = 1.0;
				PRODUCT_BUNDLE_IDENTIFIER = justindang.LearnTermsUITests;
				PRODUCT_NAME = "$(TARGET_NAME)";
				SDKROOT = auto;
				SUPPORTED_PLATFORMS = "iphoneos iphonesimulator macosx xros xrsimulator";
				SWIFT_EMIT_LOC_STRINGS = NO;
				SWIFT_VERSION = 5.0;
				TARGETED_DEVICE_FAMILY = "1,2,7";
				TEST_TARGET_NAME = LearnTerms;
				XROS_DEPLOYMENT_TARGET = 2.2;
			};
			name = Debug;
		};
		DDB159BF2D569EF100272C42 /* Release */ = {
			isa = XCBuildConfiguration;
			buildSettings = {
				CODE_SIGN_STYLE = Automatic;
				CURRENT_PROJECT_VERSION = 1;
				GENERATE_INFOPLIST_FILE = YES;
				IPHONEOS_DEPLOYMENT_TARGET = 18.2;
				MACOSX_DEPLOYMENT_TARGET = 15.2;
				MARKETING_VERSION = 1.0;
				PRODUCT_BUNDLE_IDENTIFIER = justindang.LearnTermsUITests;
				PRODUCT_NAME = "$(TARGET_NAME)";
				SDKROOT = auto;
				SUPPORTED_PLATFORMS = "iphoneos iphonesimulator macosx xros xrsimulator";
				SWIFT_EMIT_LOC_STRINGS = NO;
				SWIFT_VERSION = 5.0;
				TARGETED_DEVICE_FAMILY = "1,2,7";
				TEST_TARGET_NAME = LearnTerms;
				XROS_DEPLOYMENT_TARGET = 2.2;
			};
			name = Release;
		};
/* End XCBuildConfiguration section */

/* Begin XCConfigurationList section */
		DDB1598D2D569EF000272C42 /* Build configuration list for PBXProject "LearnTerms" */ = {
			isa = XCConfigurationList;
			buildConfigurations = (
				DDB159B52D569EF100272C42 /* Debug */,
				DDB159B62D569EF100272C42 /* Release */,
			);
			defaultConfigurationIsVisible = 0;
			defaultConfigurationName = Release;
		};
		DDB159B72D569EF100272C42 /* Build configuration list for PBXNativeTarget "LearnTerms" */ = {
			isa = XCConfigurationList;
			buildConfigurations = (
				DDB159B82D569EF100272C42 /* Debug */,
				DDB159B92D569EF100272C42 /* Release */,
			);
			defaultConfigurationIsVisible = 0;
			defaultConfigurationName = Release;
		};
		DDB159BA2D569EF100272C42 /* Build configuration list for PBXNativeTarget "LearnTermsTests" */ = {
			isa = XCConfigurationList;
			buildConfigurations = (
				DDB159BB2D569EF100272C42 /* Debug */,
				DDB159BC2D569EF100272C42 /* Release */,
			);
			defaultConfigurationIsVisible = 0;
			defaultConfigurationName = Release;
		};
		DDB159BD2D569EF100272C42 /* Build configuration list for PBXNativeTarget "LearnTermsUITests" */ = {
			isa = XCConfigurationList;
			buildConfigurations = (
				DDB159BE2D569EF100272C42 /* Debug */,
				DDB159BF2D569EF100272C42 /* Release */,
			);
			defaultConfigurationIsVisible = 0;
			defaultConfigurationName = Release;
		};
/* End XCConfigurationList section */

/* Begin XCRemoteSwiftPackageReference section */
		DD421FAC2D5702D900A138A7 /* XCRemoteSwiftPackageReference "clerk-ios" */ = {
			isa = XCRemoteSwiftPackageReference;
			repositoryURL = "https://github.com/clerk/clerk-ios";
			requirement = {
				kind = upToNextMajorVersion;
				minimumVersion = 0.48.0;
			};
		};
		DDB159DE2D56F82D00272C42 /* XCRemoteSwiftPackageReference "supabase-swift" */ = {
			isa = XCRemoteSwiftPackageReference;
			repositoryURL = "https://github.com/supabase/supabase-swift.git";
			requirement = {
				kind = upToNextMajorVersion;
				minimumVersion = 2.5.1;
			};
		};
/* End XCRemoteSwiftPackageReference section */

/* Begin XCSwiftPackageProductDependency section */
		DD421FAD2D5702E300A138A7 /* Clerk */ = {
			isa = XCSwiftPackageProductDependency;
			package = DD421FAC2D5702D900A138A7 /* XCRemoteSwiftPackageReference "clerk-ios" */;
			productName = Clerk;
		};
		DDB159E42D56FAFA00272C42 /* Supabase */ = {
			isa = XCSwiftPackageProductDependency;
			package = DDB159DE2D56F82D00272C42 /* XCRemoteSwiftPackageReference "supabase-swift" */;
			productName = Supabase;
		};
/* End XCSwiftPackageProductDependency section */
	};
	rootObject = DDB1598A2D569EF000272C42 /* Project object */;
}
